
Microsoft Visual Studio Solution File, Format Version 12.00
# Visual Studio Version 17
VisualStudioVersion = 17.7.34031.279
MinimumVisualStudioVersion = 10.0.40219.1
Project("{9A19103F-16F7-4668-BE54-9A1E7A4F7556}") = "ChessApp", "ChessApp.ChessApp\ChessApp.csproj", "{61E3E5BA-DBDB-4E31-825D-6C3BE2804149}"
EndProject
Project("{9A19103F-16F7-4668-BE54-9A1E7A4F7556}") = "Orbit.Engine", "ChessApp.Orbit.Engine\Orbit.Engine.csproj", "{6CC87437-0309-4335-BF0C-5E304F00C77C}"
EndProject
Global
	GlobalSection(SolutionConfigurationPlatforms) = preSolution
		Debug|Any CPU = Debug|Any CPU
		Release|Any CPU = Release|Any CPU
	EndGlobalSection
	GlobalSection(ProjectConfigurationPlatforms) = postSolution
		{61E3E5BA-DBDB-4E31-825D-6C3BE2804149}.Debug|Any CPU.ActiveCfg = Debug|Any CPU
		{61E3E5BA-DBDB-4E31-825D-6C3BE2804149}.Debug|Any CPU.Build.0 = Debug|Any CPU
		{61E3E5BA-DBDB-4E31-825D-6C3BE2804149}.Debug|Any CPU.Deploy.0 = Debug|Any CPU
		{61E3E5BA-DBDB-4E31-825D-6C3BE2804149}.Release|Any CPU.ActiveCfg = Release|Any CPU
		{61E3E5BA-DBDB-4E31-825D-6C3BE2804149}.Release|Any CPU.Build.0 = Release|Any CPU
		{6CC87437-0309-4335-BF0C-5E304F00C77C}.Debug|Any CPU.ActiveCfg = Debug|Any CPU
		{6CC87437-0309-4335-BF0C-5E304F00C77C}.Debug|Any CPU.Build.0 = Debug|Any CPU
		{6CC87437-0309-4335-BF0C-5E304F00C77C}.Release|Any CPU.ActiveCfg = Release|Any CPU
		{6CC87437-0309-4335-BF0C-5E304F00C77C}.Release|Any CPU.Build.0 = Release|Any CPU
		{6CC87437-0309-4335-BF0C-5E304F00C77C}.Debug|Any CPU.Deploy.0 = Debug|Any CPU
	EndGlobalSection
	GlobalSection(SolutionProperties) = preSolution
		HideSolutionNode = FALSE
	EndGlobalSection
EndGlobal
